
Microsoft Visual Studio Solution File, Format Version 11.00
# Visual Studio 2010
Project("{FAE04EC0-301F-11D3-BF4B-00C04F79EFBC}") = "CachingDemo.Web", "CachingDemo.Web.csproj", "{BE8EB8FB-33CE-4ED3-8374-5812A2453ACE}"
EndProject
Global
	GlobalSection(SolutionConfigurationPlatforms) = preSolution
		Debug|Any CPU = Debug|Any CPU
		Release|Any CPU = Release|Any CPU
	EndGlobalSection
	GlobalSection(ProjectConfigurationPlatforms) = postSolution
		{BE8EB8FB-33CE-4ED3-8374-5812A2453ACE}.Debug|Any CPU.ActiveCfg = Debug|Any CPU
		{BE8EB8FB-33CE-4ED3-8374-5812A2453ACE}.Debug|Any CPU.Build.0 = Debug|Any CPU
		{BE8EB8FB-33CE-4ED3-8374-5812A2453ACE}.Release|Any CPU.ActiveCfg = Release|Any CPU
		{BE8EB8FB-33CE-4ED3-8374-5812A2453ACE}.Release|Any CPU.Build.0 = Release|Any CPU
	EndGlobalSection
	GlobalSection(SolutionProperties) = preSolution
		HideSolutionNode = FALSE
	EndGlobalSection
EndGlobal
